// !$*UTF8*$!
{
	archiveVersion = 1;
	classes = {
	};
	objectVersion = 46;
	objects = {

/* Begin PBXBuildFile section */
		31F2649914EC38850094FB49 /* UIKit.framework in Frameworks */ = {isa = PBXBuildFile; fileRef = 31F2649814EC38850094FB49 /* UIKit.framework */; };
		31F2649B14EC38850094FB49 /* Foundation.framework in Frameworks */ = {isa = PBXBuildFile; fileRef = 31F2649A14EC38850094FB49 /* Foundation.framework */; };
		31F2649D14EC38850094FB49 /* CoreGraphics.framework in Frameworks */ = {isa = PBXBuildFile; fileRef = 31F2649C14EC38850094FB49 /* CoreGraphics.framework */; };
		31F264A314EC38850094FB49 /* InfoPlist.strings in Resources */ = {isa = PBXBuildFile; fileRef = 31F264A114EC38850094FB49 /* InfoPlist.strings */; };
		31F264A514EC38850094FB49 /* main.m in Sources */ = {isa = PBXBuildFile; fileRef = 31F264A414EC38850094FB49 /* main.m */; };
		31F264A914EC38850094FB49 /* BHAppDelegate.m in Sources */ = {isa = PBXBuildFile; fileRef = 31F264A814EC38850094FB49 /* BHAppDelegate.m */; };
		31F264AC14EC38850094FB49 /* MainStoryboard.storyboard in Resources */ = {isa = PBXBuildFile; fileRef = 31F264AA14EC38850094FB49 /* MainStoryboard.storyboard */; };
		31F264AF14EC38850094FB49 /* BHViewController.m in Sources */ = {isa = PBXBuildFile; fileRef = 31F264AE14EC38850094FB49 /* BHViewController.m */; };
/* End PBXBuildFile section */

/* Begin PBXFileReference section */
		31F2649414EC38850094FB49 /* OA Etziken 2012.app */ = {isa = PBXFileReference; explicitFileType = wrapper.application; includeInIndex = 0; path = "OA Etziken 2012.app"; sourceTree = BUILT_PRODUCTS_DIR; };
		31F2649814EC38850094FB49 /* UIKit.framework */ = {isa = PBXFileReference; lastKnownFileType = wrapper.framework; name = UIKit.framework; path = System/Library/Frameworks/UIKit.framework; sourceTree = SDKROOT; };
		31F2649A14EC38850094FB49 /* Foundation.framework */ = {isa = PBXFileReference; lastKnownFileType = wrapper.framework; name = Foundation.framework; path = System/Library/Frameworks/Foundation.framework; sourceTree = SDKROOT; };
		31F2649C14EC38850094FB49 /* CoreGraphics.framework */ = {isa = PBXFileReference; lastKnownFileType = wrapper.framework; name = CoreGraphics.framework; path = System/Library/Frameworks/CoreGraphics.framework; sourceTree = SDKROOT; };
		31F264A014EC38850094FB49 /* OA Etziken 2012-Info.plist */ = {isa = PBXFileReference; path = "OA Etziken 2012-Info.plist"; sourceTree = "<group>"; };
		31F264A214EC38850094FB49 /* en */ = {isa = PBXFileReference; lastKnownFileType = text.plist.strings; name = en; path = en.lproj/InfoPlist.strings; sourceTree = "<group>"; };
		31F264A414EC38850094FB49 /* main.m */ = {isa = PBXFileReference; lastKnownFileType = sourcecode.c.objc; path = main.m; sourceTree = "<group>"; };
		31F264A614EC38850094FB49 /* OA Etziken 2012-Prefix.pch */ = {isa = PBXFileReference; path = "OA Etziken 2012-Prefix.pch"; sourceTree = "<group>"; };
		31F264A714EC38850094FB49 /* BHAppDelegate.h */ = {isa = PBXFileReference; path = BHAppDelegate.h; sourceTree = "<group>"; };
		31F264A814EC38850094FB49 /* BHAppDelegate.m */ = {isa = PBXFileReference; lastKnownFileType = sourcecode.c.objc; path = BHAppDelegate.m; sourceTree = "<group>"; };
		31F264AB14EC38850094FB49 /* en */ = {isa = PBXFileReference; lastKnownFileType = file.storyboard; name = en; path = en.lproj/MainStoryboard.storyboard; sourceTree = "<group>"; };
		31F264AD14EC38850094FB49 /* BHViewController.h */ = {isa = PBXFileReference; path = BHViewController.h; sourceTree = "<group>"; };
		31F264AE14EC38850094FB49 /* BHViewController.m */ = {isa = PBXFileReference; lastKnownFileType = sourcecode.c.objc; path = BHViewController.m; sourceTree = "<group>"; };
/* End PBXFileReference section */

/* Begin PBXFrameworksBuildPhase section */
		31F2649114EC38850094FB49 /* Frameworks */ = {
			isa = PBXFrameworksBuildPhase;
			buildActionMask = 2147483647;
			files = (
				31F2649914EC38850094FB49 /* UIKit.framework in Frameworks */,
				31F2649B14EC38850094FB49 /* Foundation.framework in Frameworks */,
				31F2649D14EC38850094FB49 /* CoreGraphics.framework in Frameworks */,
			);
			runOnlyForDeploymentPostprocessing = 0;
		};
/* End PBXFrameworksBuildPhase section */

/* Begin PBXGroup section */
		31F2648914EC38850094FB49 = {
			isa = PBXGroup;
			children = (
				31F2649E14EC38850094FB49 /* OA Etziken 2012 */,
				31F2649714EC38850094FB49 /* Frameworks */,
				31F2649514EC38850094FB49 /* Products */,
			);
			sourceTree = "<group>";
		};
		31F2649514EC38850094FB49 /* Products */ = {
			isa = PBXGroup;
			children = (
				31F2649414EC38850094FB49 /* OA Etziken 2012.app */,
			);
			name = Products;
			sourceTree = "<group>";
		};
		31F2649714EC38850094FB49 /* Frameworks */ = {
			isa = PBXGroup;
			children = (
				31F2649814EC38850094FB49 /* UIKit.framework */,
				31F2649A14EC38850094FB49 /* Foundation.framework */,
				31F2649C14EC38850094FB49 /* CoreGraphics.framework */,
			);
			name = Frameworks;
			sourceTree = "<group>";
		};
		31F2649E14EC38850094FB49 /* OA Etziken 2012 */ = {
			isa = PBXGroup;
			children = (
				31F264A714EC38850094FB49 /* BHAppDelegate.h */,
				31F264A814EC38850094FB49 /* BHAppDelegate.m */,
				31F264AA14EC38850094FB49 /* MainStoryboard.storyboard */,
				31F264AD14EC38850094FB49 /* BHViewController.h */,
				31F264AE14EC38850094FB49 /* BHViewController.m */,
				31F2649F14EC38850094FB49 /* Supporting Files */,
			);
			path = "OA Etziken 2012";
			sourceTree = "<group>";
		};
		31F2649F14EC38850094FB49 /* Supporting Files */ = {
			isa = PBXGroup;
			children = (
				31F264A014EC38850094FB49 /* OA Etziken 2012-Info.plist */,
				31F264A114EC38850094FB49 /* InfoPlist.strings */,
				31F264A414EC38850094FB49 /* main.m */,
				31F264A614EC38850094FB49 /* OA Etziken 2012-Prefix.pch */,
			);
			name = "Supporting Files";
			sourceTree = "<group>";
		};
/* End PBXGroup section */

/* Begin PBXNativeTarget section */
		31F2649314EC38850094FB49 /* OA Etziken 2012 */ = {
			isa = PBXNativeTarget;
			buildConfigurationList = 31F264B214EC38850094FB49 /* Build configuration list for PBXNativeTarget "OA Etziken 2012" */;
			buildPhases = (
				31F2649014EC38850094FB49 /* Sources */,
				31F2649114EC38850094FB49 /* Frameworks */,
				31F2649214EC38850094FB49 /* Resources */,
			);
			buildRules = (
			);
			dependencies = (
			);
			name = "OA Etziken 2012";
			productName = "OA Etziken 2012";
			productReference = 31F2649414EC38850094FB49 /* OA Etziken 2012.app */;
			productType = "com.apple.product-type.application";
		};
/* End PBXNativeTarget section */

/* Begin PBXProject section */
		31F2648B14EC38850094FB49 /* Project object */ = {
			isa = PBXProject;
			attributes = {
				LastUpgradeCheck = 0420;
			};
			buildConfigurationList = 31F2648E14EC38850094FB49 /* Build configuration list for PBXProject "OA Etziken 2012" */;
			compatibilityVersion = "Xcode 3.2";
			developmentRegion = English;
			hasScannedForEncodings = 0;
			knownRegions = (
				en,
			);
			mainGroup = 31F2648914EC38850094FB49;
			productRefGroup = 31F2649514EC38850094FB49 /* Products */;
			projectDirPath = "";
			projectRoot = "";
			targets = (
				31F2649314EC38850094FB49 /* OA Etziken 2012 */,
			);
		};
/* End PBXProject section */

/* Begin PBXResourcesBuildPhase section */
		31F2649214EC38850094FB49 /* Resources */ = {
			isa = PBXResourcesBuildPhase;
			buildActionMask = 2147483647;
			files = (
				31F264A314EC38850094FB49 /* InfoPlist.strings in Resources */,
				31F264AC14EC38850094FB49 /* MainStoryboard.storyboard in Resources */,
			);
			runOnlyForDeploymentPostprocessing = 0;
		};
/* End PBXResourcesBuildPhase section */

/* Begin PBXSourcesBuildPhase section */
		31F2649014EC38850094FB49 /* Sources */ = {
			isa = PBXSourcesBuildPhase;
			buildActionMask = 2147483647;
			files = (
				31F264A514EC38850094FB49 /* main.m in Sources */,
				31F264A914EC38850094FB49 /* BHAppDelegate.m in Sources */,
				31F264AF14EC38850094FB49 /* BHViewController.m in Sources */,
			);
			runOnlyForDeploymentPostprocessing = 0;
		};
/* End PBXSourcesBuildPhase section */

/* Begin PBXVariantGroup section */
		31F264A114EC38850094FB49 /* InfoPlist.strings */ = {
			isa = PBXVariantGroup;
			children = (
				31F264A214EC38850094FB49 /* en */,
			);
			name = InfoPlist.strings;
			sourceTree = "<group>";
		};
		31F264AA14EC38850094FB49 /* MainStoryboard.storyboard */ = {
			isa = PBXVariantGroup;
			children = (
				31F264AB14EC38850094FB49 /* en */,
			);
			name = MainStoryboard.storyboard;
			sourceTree = "<group>";
		};
/* End PBXVariantGroup section */

/* Begin XCBuildConfiguration section */
		31F264B014EC38850094FB49 /* Debug */ = {
			isa = XCBuildConfiguration;
			buildSettings = {
				ALWAYS_SEARCH_USER_PATHS = NO;
				ARCHS = "$(ARCHS_STANDARD_32_BIT)";
				CLANG_ENABLE_OBJC_ARC = YES;
				"CODE_SIGN_IDENTITY[sdk=iphoneos*]" = "iPhone Developer";
				COPY_PHASE_STRIP = NO;
				GCC_C_LANGUAGE_STANDARD = gnu99;
				GCC_DYNAMIC_NO_PIC = NO;
				GCC_OPTIMIZATION_LEVEL = 0;
				GCC_PREPROCESSOR_DEFINITIONS = (
					"DEBUG=1",
					"$(inherited)",
				);
				GCC_SYMBOLS_PRIVATE_EXTERN = NO;
				GCC_VERSION = com.apple.compilers.llvm.clang.1_0;
				GCC_WARN_ABOUT_MISSING_PROTOTYPES = YES;
				GCC_WARN_ABOUT_RETURN_TYPE = YES;
				GCC_WARN_UNUSED_VARIABLE = YES;
				IPHONEOS_DEPLOYMENT_TARGET = 5.0;
				SDKROOT = iphoneos;
			};
			name = Debug;
		};
		31F264B114EC38850094FB49 /* Release */ = {
			isa = XCBuildConfiguration;
			buildSettings = {
				ALWAYS_SEARCH_USER_PATHS = NO;
				ARCHS = "$(ARCHS_STANDARD_32_BIT)";
				CLANG_ENABLE_OBJC_ARC = YES;
				"CODE_SIGN_IDENTITY[sdk=iphoneos*]" = "iPhone Developer";
				COPY_PHASE_STRIP = YES;
				GCC_C_LANGUAGE_STANDARD = gnu99;
				GCC_VERSION = com.apple.compilers.llvm.clang.1_0;
				GCC_WARN_ABOUT_MISSING_PROTOTYPES = YES;
				GCC_WARN_ABOUT_RETURN_TYPE = YES;
				GCC_WARN_UNUSED_VARIABLE = YES;
				IPHONEOS_DEPLOYMENT_TARGET = 5.0;
				OTHER_CFLAGS = "-DNS_BLOCK_ASSERTIONS=1";
				SDKROOT = iphoneos;
				VALIDATE_PRODUCT = YES;
			};
			name = Release;
		};
		31F264B314EC38850094FB49 /* Debug */ = {
			isa = XCBuildConfiguration;
			buildSettings = {
				GCC_PRECOMPILE_PREFIX_HEADER = YES;
				GCC_PREFIX_HEADER = "OA Etziken 2012/OA Etziken 2012-Prefix.pch";
				INFOPLIST_FILE = "OA Etziken 2012/OA Etziken 2012-Info.plist";
				PRODUCT_NAME = "$(TARGET_NAME)";
				WRAPPER_EXTENSION = app;
			};
			name = Debug;
		};
		31F264B414EC38850094FB49 /* Release */ = {
			isa = XCBuildConfiguration;
			buildSettings = {
				GCC_PRECOMPILE_PREFIX_HEADER = YES;
				GCC_PREFIX_HEADER = "OA Etziken 2012/OA Etziken 2012-Prefix.pch";
				INFOPLIST_FILE = "OA Etziken 2012/OA Etziken 2012-Info.plist";
				PRODUCT_NAME = "$(TARGET_NAME)";
				WRAPPER_EXTENSION = app;
			};
			name = Release;
		};
/* End XCBuildConfiguration section */

/* Begin XCConfigurationList section */
		31F2648E14EC38850094FB49 /* Build configuration list for PBXProject "OA Etziken 2012" */ = {
			isa = XCConfigurationList;
			buildConfigurations = (
				31F264B014EC38850094FB49 /* Debug */,
				31F264B114EC38850094FB49 /* Release */,
			);
			defaultConfigurationIsVisible = 0;
			defaultConfigurationName = Release;
		};
		31F264B214EC38850094FB49 /* Build configuration list for PBXNativeTarget "OA Etziken 2012" */ = {
			isa = XCConfigurationList;
			buildConfigurations = (
				31F264B314EC38850094FB49 /* Debug */,
				31F264B414EC38850094FB49 /* Release */,
			);
			defaultConfigurationIsVisible = 0;
		};
/* End XCConfigurationList section */
	};
	rootObject = 31F2648B14EC38850094FB49 /* Project object */;
}
